// !$*UTF8*$!
{
	archiveVersion = 1;
	classes = {
	};
	objectVersion = 50;
	objects = {

/* Begin PBXBuildFile section */
		ADDD3FD923A14D1A00C92C56 /* AppDelegate.swift in Sources */ = {isa = PBXBuildFile; fileRef = ADDD3FD823A14D1A00C92C56 /* AppDelegate.swift */; };
		ADDD3FDB23A14D1A00C92C56 /* SceneDelegate.swift in Sources */ = {isa = PBXBuildFile; fileRef = ADDD3FDA23A14D1A00C92C56 /* SceneDelegate.swift */; };
		ADDD3FDD23A14D1A00C92C56 /* ContentView.swift in Sources */ = {isa = PBXBuildFile; fileRef = ADDD3FDC23A14D1A00C92C56 /* ContentView.swift */; };
		ADDD3FDF23A14D1C00C92C56 /* Assets.xcassets in Resources */ = {isa = PBXBuildFile; fileRef = ADDD3FDE23A14D1C00C92C56 /* Assets.xcassets */; };
		ADDD3FE223A14D1C00C92C56 /* Preview Assets.xcassets in Resources */ = {isa = PBXBuildFile; fileRef = ADDD3FE123A14D1C00C92C56 /* Preview Assets.xcassets */; };
		ADDD3FE523A14D1C00C92C56 /* LaunchScreen.storyboard in Resources */ = {isa = PBXBuildFile; fileRef = ADDD3FE323A14D1C00C92C56 /* LaunchScreen.storyboard */; };
		ADDD3FF023A14D1C00C92C56 /* Custom_LoginTests.swift in Sources */ = {isa = PBXBuildFile; fileRef = ADDD3FEF23A14D1C00C92C56 /* Custom_LoginTests.swift */; };
		ADDD3FFB23A14D1C00C92C56 /* Custom_LoginUITests.swift in Sources */ = {isa = PBXBuildFile; fileRef = ADDD3FFA23A14D1C00C92C56 /* Custom_LoginUITests.swift */; };
/* End PBXBuildFile section */

/* Begin PBXContainerItemProxy section */
		ADDD3FEC23A14D1C00C92C56 /* PBXContainerItemProxy */ = {
			isa = PBXContainerItemProxy;
			containerPortal = ADDD3FCD23A14D1A00C92C56 /* Project object */;
			proxyType = 1;
			remoteGlobalIDString = ADDD3FD423A14D1A00C92C56;
			remoteInfo = "Custom Login";
		};
		ADDD3FF723A14D1C00C92C56 /* PBXContainerItemProxy */ = {
			isa = PBXContainerItemProxy;
			containerPortal = ADDD3FCD23A14D1A00C92C56 /* Project object */;
			proxyType = 1;
			remoteGlobalIDString = ADDD3FD423A14D1A00C92C56;
			remoteInfo = "Custom Login";
		};
/* End PBXContainerItemProxy section */

/* Begin PBXFileReference section */
		ADDD3FD523A14D1A00C92C56 /* Custom Login.app */ = {isa = PBXFileReference; explicitFileType = wrapper.application; includeInIndex = 0; path = "Custom Login.app"; sourceTree = BUILT_PRODUCTS_DIR; };
		ADDD3FD823A14D1A00C92C56 /* AppDelegate.swift */ = {isa = PBXFileReference; lastKnownFileType = sourcecode.swift; path = AppDelegate.swift; sourceTree = "<group>"; };
		ADDD3FDA23A14D1A00C92C56 /* SceneDelegate.swift */ = {isa = PBXFileReference; lastKnownFileType = sourcecode.swift; path = SceneDelegate.swift; sourceTree = "<group>"; };
		ADDD3FDC23A14D1A00C92C56 /* ContentView.swift */ = {isa = PBXFileReference; lastKnownFileType = sourcecode.swift; path = ContentView.swift; sourceTree = "<group>"; };
		ADDD3FDE23A14D1C00C92C56 /* Assets.xcassets */ = {isa = PBXFileReference; lastKnownFileType = folder.assetcatalog; path = Assets.xcassets; sourceTree = "<group>"; };
		ADDD3FE123A14D1C00C92C56 /* Preview Assets.xcassets */ = {isa = PBXFileReference; lastKnownFileType = folder.assetcatalog; path = "Preview Assets.xcassets"; sourceTree = "<group>"; };
		ADDD3FE423A14D1C00C92C56 /* Base */ = {isa = PBXFileReference; lastKnownFileType = file.storyboard; name = Base; path = Base.lproj/LaunchScreen.storyboard; sourceTree = "<group>"; };
		ADDD3FE623A14D1C00C92C56 /* Info.plist */ = {isa = PBXFileReference; lastKnownFileType = text.plist.xml; path = Info.plist; sourceTree = "<group>"; };
		ADDD3FEB23A14D1C00C92C56 /* Custom LoginTests.xctest */ = {isa = PBXFileReference; explicitFileType = wrapper.cfbundle; includeInIndex = 0; path = "Custom LoginTests.xctest"; sourceTree = BUILT_PRODUCTS_DIR; };
		ADDD3FEF23A14D1C00C92C56 /* Custom_LoginTests.swift */ = {isa = PBXFileReference; lastKnownFileType = sourcecode.swift; path = Custom_LoginTests.swift; sourceTree = "<group>"; };
		ADDD3FF123A14D1C00C92C56 /* Info.plist */ = {isa = PBXFileReference; lastKnownFileType = text.plist.xml; path = Info.plist; sourceTree = "<group>"; };
		ADDD3FF623A14D1C00C92C56 /* Custom LoginUITests.xctest */ = {isa = PBXFileReference; explicitFileType = wrapper.cfbundle; includeInIndex = 0; path = "Custom LoginUITests.xctest"; sourceTree = BUILT_PRODUCTS_DIR; };
		ADDD3FFA23A14D1C00C92C56 /* Custom_LoginUITests.swift */ = {isa = PBXFileReference; lastKnownFileType = sourcecode.swift; path = Custom_LoginUITests.swift; sourceTree = "<group>"; };
		ADDD3FFC23A14D1C00C92C56 /* Info.plist */ = {isa = PBXFileReference; lastKnownFileType = text.plist.xml; path = Info.plist; sourceTree = "<group>"; };
/* End PBXFileReference section */

/* Begin PBXFrameworksBuildPhase section */
		ADDD3FD223A14D1A00C92C56 /* Frameworks */ = {
			isa = PBXFrameworksBuildPhase;
			buildActionMask = 2147483647;
			files = (
			);
			runOnlyForDeploymentPostprocessing = 0;
		};
		ADDD3FE823A14D1C00C92C56 /* Frameworks */ = {
			isa = PBXFrameworksBuildPhase;
			buildActionMask = 2147483647;
			files = (
			);
			runOnlyForDeploymentPostprocessing = 0;
		};
		ADDD3FF323A14D1C00C92C56 /* Frameworks */ = {
			isa = PBXFrameworksBuildPhase;
			buildActionMask = 2147483647;
			files = (
			);
			runOnlyForDeploymentPostprocessing = 0;
		};
/* End PBXFrameworksBuildPhase section */

/* Begin PBXGroup section */
		ADDD3FCC23A14D1A00C92C56 = {
			isa = PBXGroup;
			children = (
				ADDD3FD723A14D1A00C92C56 /* Custom Login */,
				ADDD3FEE23A14D1C00C92C56 /* Custom LoginTests */,
				ADDD3FF923A14D1C00C92C56 /* Custom LoginUITests */,
				ADDD3FD623A14D1A00C92C56 /* Products */,
			);
			sourceTree = "<group>";
		};
		ADDD3FD623A14D1A00C92C56 /* Products */ = {
			isa = PBXGroup;
			children = (
				ADDD3FD523A14D1A00C92C56 /* Custom Login.app */,
				ADDD3FEB23A14D1C00C92C56 /* Custom LoginTests.xctest */,
				ADDD3FF623A14D1C00C92C56 /* Custom LoginUITests.xctest */,
			);
			name = Products;
			sourceTree = "<group>";
		};
		ADDD3FD723A14D1A00C92C56 /* Custom Login */ = {
			isa = PBXGroup;
			children = (
				ADDD3FD823A14D1A00C92C56 /* AppDelegate.swift */,
				ADDD3FDA23A14D1A00C92C56 /* SceneDelegate.swift */,
				ADDD3FDC23A14D1A00C92C56 /* ContentView.swift */,
				ADDD3FDE23A14D1C00C92C56 /* Assets.xcassets */,
				ADDD3FE323A14D1C00C92C56 /* LaunchScreen.storyboard */,
				ADDD3FE623A14D1C00C92C56 /* Info.plist */,
				ADDD3FE023A14D1C00C92C56 /* Preview Content */,
			);
			path = "Custom Login";
			sourceTree = "<group>";
		};
		ADDD3FE023A14D1C00C92C56 /* Preview Content */ = {
			isa = PBXGroup;
			children = (
				ADDD3FE123A14D1C00C92C56 /* Preview Assets.xcassets */,
			);
			path = "Preview Content";
			sourceTree = "<group>";
		};
		ADDD3FEE23A14D1C00C92C56 /* Custom LoginTests */ = {
			isa = PBXGroup;
			children = (
				ADDD3FEF23A14D1C00C92C56 /* Custom_LoginTests.swift */,
				ADDD3FF123A14D1C00C92C56 /* Info.plist */,
			);
			path = "Custom LoginTests";
			sourceTree = "<group>";
		};
		ADDD3FF923A14D1C00C92C56 /* Custom LoginUITests */ = {
			isa = PBXGroup;
			children = (
				ADDD3FFA23A14D1C00C92C56 /* Custom_LoginUITests.swift */,
				ADDD3FFC23A14D1C00C92C56 /* Info.plist */,
			);
			path = "Custom LoginUITests";
			sourceTree = "<group>";
		};
/* End PBXGroup section */

/* Begin PBXNativeTarget section */
		ADDD3FD423A14D1A00C92C56 /* Custom Login */ = {
			isa = PBXNativeTarget;
			buildConfigurationList = ADDD3FFF23A14D1C00C92C56 /* Build configuration list for PBXNativeTarget "Custom Login" */;
			buildPhases = (
				ADDD3FD123A14D1A00C92C56 /* Sources */,
				ADDD3FD223A14D1A00C92C56 /* Frameworks */,
				ADDD3FD323A14D1A00C92C56 /* Resources */,
			);
			buildRules = (
			);
			dependencies = (
			);
			name = "Custom Login";
			productName = "Custom Login";
			productReference = ADDD3FD523A14D1A00C92C56 /* Custom Login.app */;
			productType = "com.apple.product-type.application";
		};
		ADDD3FEA23A14D1C00C92C56 /* Custom LoginTests */ = {
			isa = PBXNativeTarget;
			buildConfigurationList = ADDD400223A14D1C00C92C56 /* Build configuration list for PBXNativeTarget "Custom LoginTests" */;
			buildPhases = (
				ADDD3FE723A14D1C00C92C56 /* Sources */,
				ADDD3FE823A14D1C00C92C56 /* Frameworks */,
				ADDD3FE923A14D1C00C92C56 /* Resources */,
			);
			buildRules = (
			);
			dependencies = (
				ADDD3FED23A14D1C00C92C56 /* PBXTargetDependency */,
			);
			name = "Custom LoginTests";
			productName = "Custom LoginTests";
			productReference = ADDD3FEB23A14D1C00C92C56 /* Custom LoginTests.xctest */;
			productType = "com.apple.product-type.bundle.unit-test";
		};
		ADDD3FF523A14D1C00C92C56 /* Custom LoginUITests */ = {
			isa = PBXNativeTarget;
			buildConfigurationList = ADDD400523A14D1C00C92C56 /* Build configuration list for PBXNativeTarget "Custom LoginUITests" */;
			buildPhases = (
				ADDD3FF223A14D1C00C92C56 /* Sources */,
				ADDD3FF323A14D1C00C92C56 /* Frameworks */,
				ADDD3FF423A14D1C00C92C56 /* Resources */,
			);
			buildRules = (
			);
			dependencies = (
				ADDD3FF823A14D1C00C92C56 /* PBXTargetDependency */,
			);
			name = "Custom LoginUITests";
			productName = "Custom LoginUITests";
			productReference = ADDD3FF623A14D1C00C92C56 /* Custom LoginUITests.xctest */;
			productType = "com.apple.product-type.bundle.ui-testing";
		};
/* End PBXNativeTarget section */

/* Begin PBXProject section */
		ADDD3FCD23A14D1A00C92C56 /* Project object */ = {
			isa = PBXProject;
			attributes = {
				LastSwiftUpdateCheck = 1110;
				LastUpgradeCheck = 1110;
				ORGANIZATIONNAME = Balaji;
				TargetAttributes = {
					ADDD3FD423A14D1A00C92C56 = {
						CreatedOnToolsVersion = 11.1;
					};
					ADDD3FEA23A14D1C00C92C56 = {
						CreatedOnToolsVersion = 11.1;
						TestTargetID = ADDD3FD423A14D1A00C92C56;
					};
					ADDD3FF523A14D1C00C92C56 = {
						CreatedOnToolsVersion = 11.1;
						TestTargetID = ADDD3FD423A14D1A00C92C56;
					};
				};
			};
			buildConfigurationList = ADDD3FD023A14D1A00C92C56 /* Build configuration list for PBXProject "Custom Login" */;
			compatibilityVersion = "Xcode 9.3";
			developmentRegion = en;
			hasScannedForEncodings = 0;
			knownRegions = (
				en,
				Base,
			);
			mainGroup = ADDD3FCC23A14D1A00C92C56;
			productRefGroup = ADDD3FD623A14D1A00C92C56 /* Products */;
			projectDirPath = "";
			projectRoot = "";
			targets = (
				ADDD3FD423A14D1A00C92C56 /* Custom Login */,
				ADDD3FEA23A14D1C00C92C56 /* Custom LoginTests */,
				ADDD3FF523A14D1C00C92C56 /* Custom LoginUITests */,
			);
		};
/* End PBXProject section */

/* Begin PBXResourcesBuildPhase section */
		ADDD3FD323A14D1A00C92C56 /* Resources */ = {
			isa = PBXResourcesBuildPhase;
			buildActionMask = 2147483647;
			files = (
				ADDD3FE523A14D1C00C92C56 /* LaunchScreen.storyboard in Resources */,
				ADDD3FE223A14D1C00C92C56 /* Preview Assets.xcassets in Resources */,
				ADDD3FDF23A14D1C00C92C56 /* Assets.xcassets in Resources */,
			);
			runOnlyForDeploymentPostprocessing = 0;
		};
		ADDD3FE923A14D1C00C92C56 /* Resources */ = {
			isa = PBXResourcesBuildPhase;
			buildActionMask = 2147483647;
			files = (
			);
			runOnlyForDeploymentPostprocessing = 0;
		};
		ADDD3FF423A14D1C00C92C56 /* Resources */ = {
			isa = PBXResourcesBuildPhase;
			buildActionMask = 2147483647;
			files = (
			);
			runOnlyForDeploymentPostprocessing = 0;
		};
/* End PBXResourcesBuildPhase section */

/* Begin PBXSourcesBuildPhase section */
		ADDD3FD123A14D1A00C92C56 /* Sources */ = {
			isa = PBXSourcesBuildPhase;
			buildActionMask = 2147483647;
			files = (
				ADDD3FD923A14D1A00C92C56 /* AppDelegate.swift in Sources */,
				ADDD3FDB23A14D1A00C92C56 /* SceneDelegate.swift in Sources */,
				ADDD3FDD23A14D1A00C92C56 /* ContentView.swift in Sources */,
			);
			runOnlyForDeploymentPostprocessing = 0;
		};
		ADDD3FE723A14D1C00C92C56 /* Sources */ = {
			isa = PBXSourcesBuildPhase;
			buildActionMask = 2147483647;
			files = (
				ADDD3FF023A14D1C00C92C56 /* Custom_LoginTests.swift in Sources */,
			);
			runOnlyForDeploymentPostprocessing = 0;
		};
		ADDD3FF223A14D1C00C92C56 /* Sources */ = {
			isa = PBXSourcesBuildPhase;
			buildActionMask = 2147483647;
			files = (
				ADDD3FFB23A14D1C00C92C56 /* Custom_LoginUITests.swift in Sources */,
			);
			runOnlyForDeploymentPostprocessing = 0;
		};
/* End PBXSourcesBuildPhase section */

/* Begin PBXTargetDependency section */
		ADDD3FED23A14D1C00C92C56 /* PBXTargetDependency */ = {
			isa = PBXTargetDependency;
			target = ADDD3FD423A14D1A00C92C56 /* Custom Login */;
			targetProxy = ADDD3FEC23A14D1C00C92C56 /* PBXContainerItemProxy */;
		};
		ADDD3FF823A14D1C00C92C56 /* PBXTargetDependency */ = {
			isa = PBXTargetDependency;
			target = ADDD3FD423A14D1A00C92C56 /* Custom Login */;
			targetProxy = ADDD3FF723A14D1C00C92C56 /* PBXContainerItemProxy */;
		};
/* End PBXTargetDependency section */

/* Begin PBXVariantGroup section */
		ADDD3FE323A14D1C00C92C56 /* LaunchScreen.storyboard */ = {
			isa = PBXVariantGroup;
			children = (
				ADDD3FE423A14D1C00C92C56 /* Base */,
			);
			name = LaunchScreen.storyboard;
			sourceTree = "<group>";
		};
/* End PBXVariantGroup section */

/* Begin XCBuildConfiguration section */
		ADDD3FFD23A14D1C00C92C56 /* Debug */ = {
			isa = XCBuildConfiguration;
			buildSettings = {
				ALWAYS_SEARCH_USER_PATHS = NO;
				CLANG_ANALYZER_NONNULL = YES;
				CLANG_ANALYZER_NUMBER_OBJECT_CONVERSION = YES_AGGRESSIVE;
				CLANG_CXX_LANGUAGE_STANDARD = "gnu++14";
				CLANG_CXX_LIBRARY = "libc++";
				CLANG_ENABLE_MODULES = YES;
				CLANG_ENABLE_OBJC_ARC = YES;
				CLANG_ENABLE_OBJC_WEAK = YES;
				CLANG_WARN_BLOCK_CAPTURE_AUTORELEASING = YES;
				CLANG_WARN_BOOL_CONVERSION = YES;
				CLANG_WARN_COMMA = YES;
				CLANG_WARN_CONSTANT_CONVERSION = YES;
				CLANG_WARN_DEPRECATED_OBJC_IMPLEMENTATIONS = YES;
				CLANG_WARN_DIRECT_OBJC_ISA_USAGE = YES_ERROR;
				CLANG_WARN_DOCUMENTATION_COMMENTS = YES;
				CLANG_WARN_EMPTY_BODY = YES;
				CLANG_WARN_ENUM_CONVERSION = YES;
				CLANG_WARN_INFINITE_RECURSION = YES;
				CLANG_WARN_INT_CONVERSION = YES;
				CLANG_WARN_NON_LITERAL_NULL_CONVERSION = YES;
				CLANG_WARN_OBJC_IMPLICIT_RETAIN_SELF = YES;
				CLANG_WARN_OBJC_LITERAL_CONVERSION = YES;
				CLANG_WARN_OBJC_ROOT_CLASS = YES_ERROR;
				CLANG_WARN_RANGE_LOOP_ANALYSIS = YES;
				CLANG_WARN_STRICT_PROTOTYPES = YES;
				CLANG_WARN_SUSPICIOUS_MOVE = YES;
				CLANG_WARN_UNGUARDED_AVAILABILITY = YES_AGGRESSIVE;
				CLANG_WARN_UNREACHABLE_CODE = YES;
				CLANG_WARN__DUPLICATE_METHOD_MATCH = YES;
				COPY_PHASE_STRIP = NO;
				DEBUG_INFORMATION_FORMAT = dwarf;
				ENABLE_STRICT_OBJC_MSGSEND = YES;
				ENABLE_TESTABILITY = YES;
				GCC_C_LANGUAGE_STANDARD = gnu11;
				GCC_DYNAMIC_NO_PIC = NO;
				GCC_NO_COMMON_BLOCKS = YES;
				GCC_OPTIMIZATION_LEVEL = 0;
				GCC_PREPROCESSOR_DEFINITIONS = (
					"DEBUG=1",
					"$(inherited)",
				);
				GCC_WARN_64_TO_32_BIT_CONVERSION = YES;
				GCC_WARN_ABOUT_RETURN_TYPE = YES_ERROR;
				GCC_WARN_UNDECLARED_SELECTOR = YES;
				GCC_WARN_UNINITIALIZED_AUTOS = YES_AGGRESSIVE;
				GCC_WARN_UNUSED_FUNCTION = YES;
				GCC_WARN_UNUSED_VARIABLE = YES;
				IPHONEOS_DEPLOYMENT_TARGET = 13.1;
				MTL_ENABLE_DEBUG_INFO = INCLUDE_SOURCE;
				MTL_FAST_MATH = YES;
				ONLY_ACTIVE_ARCH = YES;
				SDKROOT = iphoneos;
				SWIFT_ACTIVE_COMPILATION_CONDITIONS = DEBUG;
				SWIFT_OPTIMIZATION_LEVEL = "-Onone";
			};
			name = Debug;
		};
		ADDD3FFE23A14D1C00C92C56 /* Release */ = {
			isa = XCBuildConfiguration;
			buildSettings = {
				ALWAYS_SEARCH_USER_PATHS = NO;
				CLANG_ANALYZER_NONNULL = YES;
				CLANG_ANALYZER_NUMBER_OBJECT_CONVERSION = YES_AGGRESSIVE;
				CLANG_CXX_LANGUAGE_STANDARD = "gnu++14";
				CLANG_CXX_LIBRARY = "libc++";
				CLANG_ENABLE_MODULES = YES;
				CLANG_ENABLE_OBJC_ARC = YES;
				CLANG_ENABLE_OBJC_WEAK = YES;
				CLANG_WARN_BLOCK_CAPTURE_AUTORELEASING = YES;
				CLANG_WARN_BOOL_CONVERSION = YES;
				CLANG_WARN_COMMA = YES;
				CLANG_WARN_CONSTANT_CONVERSION = YES;
				CLANG_WARN_DEPRECATED_OBJC_IMPLEMENTATIONS = YES;
				CLANG_WARN_DIRECT_OBJC_ISA_USAGE = YES_ERROR;
				CLANG_WARN_DOCUMENTATION_COMMENTS = YES;
				CLANG_WARN_EMPTY_BODY = YES;
				CLANG_WARN_ENUM_CONVERSION = YES;
				CLANG_WARN_INFINITE_RECURSION = YES;
				CLANG_WARN_INT_CONVERSION = YES;
				CLANG_WARN_NON_LITERAL_NULL_CONVERSION = YES;
				CLANG_WARN_OBJC_IMPLICIT_RETAIN_SELF = YES;
				CLANG_WARN_OBJC_LITERAL_CONVERSION = YES;
				CLANG_WARN_OBJC_ROOT_CLASS = YES_ERROR;
				CLANG_WARN_RANGE_LOOP_ANALYSIS = YES;
				CLANG_WARN_STRICT_PROTOTYPES = YES;
				CLANG_WARN_SUSPICIOUS_MOVE = YES;
				CLANG_WARN_UNGUARDED_AVAILABILITY = YES_AGGRESSIVE;
				CLANG_WARN_UNREACHABLE_CODE = YES;
				CLANG_WARN__DUPLICATE_METHOD_MATCH = YES;
				COPY_PHASE_STRIP = NO;
				DEBUG_INFORMATION_FORMAT = "dwarf-with-dsym";
				ENABLE_NS_ASSERTIONS = NO;
				ENABLE_STRICT_OBJC_MSGSEND = YES;
				GCC_C_LANGUAGE_STANDARD = gnu11;
				GCC_NO_COMMON_BLOCKS = YES;
				GCC_WARN_64_TO_32_BIT_CONVERSION = YES;
				GCC_WARN_ABOUT_RETURN_TYPE = YES_ERROR;
				GCC_WARN_UNDECLARED_SELECTOR = YES;
				GCC_WARN_UNINITIALIZED_AUTOS = YES_AGGRESSIVE;
				GCC_WARN_UNUSED_FUNCTION = YES;
				GCC_WARN_UNUSED_VARIABLE = YES;
				IPHONEOS_DEPLOYMENT_TARGET = 13.1;
				MTL_ENABLE_DEBUG_INFO = NO;
				MTL_FAST_MATH = YES;
				SDKROOT = iphoneos;
				SWIFT_COMPILATION_MODE = wholemodule;
				SWIFT_OPTIMIZATION_LEVEL = "-O";
				VALIDATE_PRODUCT = YES;
			};
			name = Release;
		};
		ADDD400023A14D1C00C92C56 /* Debug */ = {
			isa = XCBuildConfiguration;
			buildSettings = {
				ASSETCATALOG_COMPILER_APPICON_NAME = AppIcon;
				CODE_SIGN_STYLE = Automatic;
				DEVELOPMENT_ASSET_PATHS = "\"Custom Login/Preview Content\"";
				ENABLE_PREVIEWS = YES;
				INFOPLIST_FILE = "Custom Login/Info.plist";
				LD_RUNPATH_SEARCH_PATHS = (
					"$(inherited)",
					"@executable_path/Frameworks",
				);
				PRODUCT_BUNDLE_IDENTIFIER = "Kavsoft.Custom-Login";
				PRODUCT_NAME = "$(TARGET_NAME)";
				SWIFT_VERSION = 5.0;
				TARGETED_DEVICE_FAMILY = "1,2";
			};
			name = Debug;
		};
		ADDD400123A14D1C00C92C56 /* Release */ = {
			isa = XCBuildConfiguration;
			buildSettings = {
				ASSETCATALOG_COMPILER_APPICON_NAME = AppIcon;
				CODE_SIGN_STYLE = Automatic;
				DEVELOPMENT_ASSET_PATHS = "\"Custom Login/Preview Content\"";
				ENABLE_PREVIEWS = YES;
				INFOPLIST_FILE = "Custom Login/Info.plist";
				LD_RUNPATH_SEARCH_PATHS = (
					"$(inherited)",
					"@executable_path/Frameworks",
				);
				PRODUCT_BUNDLE_IDENTIFIER = "Kavsoft.Custom-Login";
				PRODUCT_NAME = "$(TARGET_NAME)";
				SWIFT_VERSION = 5.0;
				TARGETED_DEVICE_FAMILY = "1,2";
			};
			name = Release;
		};
		ADDD400323A14D1C00C92C56 /* Debug */ = {
			isa = XCBuildConfiguration;
			buildSettings = {
				ALWAYS_EMBED_SWIFT_STANDARD_LIBRARIES = YES;
				BUNDLE_LOADER = "$(TEST_HOST)";
				CODE_SIGN_STYLE = Automatic;
				INFOPLIST_FILE = "Custom LoginTests/Info.plist";
				IPHONEOS_DEPLOYMENT_TARGET = 13.1;
				LD_RUNPATH_SEARCH_PATHS = (
					"$(inherited)",
					"@executable_path/Frameworks",
					"@loader_path/Frameworks",
				);
				PRODUCT_BUNDLE_IDENTIFIER = "Kavsoft.Custom-LoginTests";
				PRODUCT_NAME = "$(TARGET_NAME)";
				SWIFT_VERSION = 5.0;
				TARGETED_DEVICE_FAMILY = "1,2";
				TEST_HOST = "$(BUILT_PRODUCTS_DIR)/Custom Login.app/Custom Login";
			};
			name = Debug;
		};
		ADDD400423A14D1C00C92C56 /* Release */ = {
			isa = XCBuildConfiguration;
			buildSettings = {
				ALWAYS_EMBED_SWIFT_STANDARD_LIBRARIES = YES;
				BUNDLE_LOADER = "$(TEST_HOST)";
				CODE_SIGN_STYLE = Automatic;
				INFOPLIST_FILE = "Custom LoginTests/Info.plist";
				IPHONEOS_DEPLOYMENT_TARGET = 13.1;
				LD_RUNPATH_SEARCH_PATHS = (
					"$(inherited)",
					"@executable_path/Frameworks",
					"@loader_path/Frameworks",
				);
				PRODUCT_BUNDLE_IDENTIFIER = "Kavsoft.Custom-LoginTests";
				PRODUCT_NAME = "$(TARGET_NAME)";
				SWIFT_VERSION = 5.0;
				TARGETED_DEVICE_FAMILY = "1,2";
				TEST_HOST = "$(BUILT_PRODUCTS_DIR)/Custom Login.app/Custom Login";
			};
			name = Release;
		};
		ADDD400623A14D1C00C92C56 /* Debug */ = {
			isa = XCBuildConfiguration;
			buildSettings = {
				ALWAYS_EMBED_SWIFT_STANDARD_LIBRARIES = YES;
				CODE_SIGN_STYLE = Automatic;
				INFOPLIST_FILE = "Custom LoginUITests/Info.plist";
				LD_RUNPATH_SEARCH_PATHS = (
					"$(inherited)",
					"@executable_path/Frameworks",
					"@loader_path/Frameworks",
				);
				PRODUCT_BUNDLE_IDENTIFIER = "Kavsoft.Custom-LoginUITests";
				PRODUCT_NAME = "$(TARGET_NAME)";
				SWIFT_VERSION = 5.0;
				TARGETED_DEVICE_FAMILY = "1,2";
				TEST_TARGET_NAME = "Custom Login";
			};
			name = Debug;
		};
		ADDD400723A14D1C00C92C56 /* Release */ = {
			isa = XCBuildConfiguration;
			buildSettings = {
				ALWAYS_EMBED_SWIFT_STANDARD_LIBRARIES = YES;
				CODE_SIGN_STYLE = Automatic;
				INFOPLIST_FILE = "Custom LoginUITests/Info.plist";
				LD_RUNPATH_SEARCH_PATHS = (
					"$(inherited)",
					"@executable_path/Frameworks",
					"@loader_path/Frameworks",
				);
				PRODUCT_BUNDLE_IDENTIFIER = "Kavsoft.Custom-LoginUITests";
				PRODUCT_NAME = "$(TARGET_NAME)";
				SWIFT_VERSION = 5.0;
				TARGETED_DEVICE_FAMILY = "1,2";
				TEST_TARGET_NAME = "Custom Login";
			};
			name = Release;
		};
/* End XCBuildConfiguration section */

/* Begin XCConfigurationList section */
		ADDD3FD023A14D1A00C92C56 /* Build configuration list for PBXProject "Custom Login" */ = {
			isa = XCConfigurationList;
			buildConfigurations = (
				ADDD3FFD23A14D1C00C92C56 /* Debug */,
				ADDD3FFE23A14D1C00C92C56 /* Release */,
			);
			defaultConfigurationIsVisible = 0;
			defaultConfigurationName = Release;
		};
		ADDD3FFF23A14D1C00C92C56 /* Build configuration list for PBXNativeTarget "Custom Login" */ = {
			isa = XCConfigurationList;
			buildConfigurations = (
				ADDD400023A14D1C00C92C56 /* Debug */,
				ADDD400123A14D1C00C92C56 /* Release */,
			);
			defaultConfigurationIsVisible = 0;
			defaultConfigurationName = Release;
		};
		ADDD400223A14D1C00C92C56 /* Build configuration list for PBXNativeTarget "Custom LoginTests" */ = {
			isa = XCConfigurationList;
			buildConfigurations = (
				ADDD400323A14D1C00C92C56 /* Debug */,
				ADDD400423A14D1C00C92C56 /* Release */,
			);
			defaultConfigurationIsVisible = 0;
			defaultConfigurationName = Release;
		};
		ADDD400523A14D1C00C92C56 /* Build configuration list for PBXNativeTarget "Custom LoginUITests" */ = {
			isa = XCConfigurationList;
			buildConfigurations = (
				ADDD400623A14D1C00C92C56 /* Debug */,
				ADDD400723A14D1C00C92C56 /* Release */,
			);
			defaultConfigurationIsVisible = 0;
			defaultConfigurationName = Release;
		};
/* End XCConfigurationList section */
	};
	rootObject = ADDD3FCD23A14D1A00C92C56 /* Project object */;
}
